// !$*UTF8*$!
{
	archiveVersion = 1;
	classes = {
	};
	objectVersion = 50;
	objects = {

/* Begin PBXBuildFile section */
		26178BA72660AD0F7E243A70 /* Pods_uchatTutApp.framework in Frameworks */ = {isa = PBXBuildFile; fileRef = 6A567D32A0CD087FC89C5880 /* Pods_uchatTutApp.framework */; };
		3A9406AB2373826A005FD891 /* AppDelegate.swift in Sources */ = {isa = PBXBuildFile; fileRef = 3A9406AA2373826A005FD891 /* AppDelegate.swift */; };
		3A9406AD2373826A005FD891 /* SceneDelegate.swift in Sources */ = {isa = PBXBuildFile; fileRef = 3A9406AC2373826A005FD891 /* SceneDelegate.swift */; };
		3A9406AF2373826A005FD891 /* ViewController.swift in Sources */ = {isa = PBXBuildFile; fileRef = 3A9406AE2373826A005FD891 /* ViewController.swift */; };
		3A9406B22373826A005FD891 /* Main.storyboard in Resources */ = {isa = PBXBuildFile; fileRef = 3A9406B02373826A005FD891 /* Main.storyboard */; };
		3A9406B423738270005FD891 /* Assets.xcassets in Resources */ = {isa = PBXBuildFile; fileRef = 3A9406B323738270005FD891 /* Assets.xcassets */; };
		3A9406B723738270005FD891 /* LaunchScreen.storyboard in Resources */ = {isa = PBXBuildFile; fileRef = 3A9406B523738270005FD891 /* LaunchScreen.storyboard */; };
		3A9406BF2373847F005FD891 /* GoogleService-Info.plist in Resources */ = {isa = PBXBuildFile; fileRef = 3A9406BE2373847E005FD891 /* GoogleService-Info.plist */; };
/* End PBXBuildFile section */

/* Begin PBXFileReference section */
		2BEACF8779A5A00CF41780DA /* Pods-uchatTutApp.release.xcconfig */ = {isa = PBXFileReference; includeInIndex = 1; lastKnownFileType = text.xcconfig; name = "Pods-uchatTutApp.release.xcconfig"; path = "Target Support Files/Pods-uchatTutApp/Pods-uchatTutApp.release.xcconfig"; sourceTree = "<group>"; };
		3A9406A72373826A005FD891 /* uchatTutApp.app */ = {isa = PBXFileReference; explicitFileType = wrapper.application; includeInIndex = 0; path = uchatTutApp.app; sourceTree = BUILT_PRODUCTS_DIR; };
		3A9406AA2373826A005FD891 /* AppDelegate.swift */ = {isa = PBXFileReference; lastKnownFileType = sourcecode.swift; path = AppDelegate.swift; sourceTree = "<group>"; };
		3A9406AC2373826A005FD891 /* SceneDelegate.swift */ = {isa = PBXFileReference; lastKnownFileType = sourcecode.swift; path = SceneDelegate.swift; sourceTree = "<group>"; };
		3A9406AE2373826A005FD891 /* ViewController.swift */ = {isa = PBXFileReference; lastKnownFileType = sourcecode.swift; path = ViewController.swift; sourceTree = "<group>"; };
		3A9406B12373826A005FD891 /* Base */ = {isa = PBXFileReference; lastKnownFileType = file.storyboard; name = Base; path = Base.lproj/Main.storyboard; sourceTree = "<group>"; };
		3A9406B323738270005FD891 /* Assets.xcassets */ = {isa = PBXFileReference; lastKnownFileType = folder.assetcatalog; path = Assets.xcassets; sourceTree = "<group>"; };
		3A9406B623738270005FD891 /* Base */ = {isa = PBXFileReference; lastKnownFileType = file.storyboard; name = Base; path = Base.lproj/LaunchScreen.storyboard; sourceTree = "<group>"; };
		3A9406B823738270005FD891 /* Info.plist */ = {isa = PBXFileReference; lastKnownFileType = text.plist.xml; path = Info.plist; sourceTree = "<group>"; };
		3A9406BE2373847E005FD891 /* GoogleService-Info.plist */ = {isa = PBXFileReference; fileEncoding = 4; lastKnownFileType = text.plist.xml; name = "GoogleService-Info.plist"; path = "../../../../Downloads/GoogleService-Info.plist"; sourceTree = "<group>"; };
		6A567D32A0CD087FC89C5880 /* Pods_uchatTutApp.framework */ = {isa = PBXFileReference; explicitFileType = wrapper.framework; includeInIndex = 0; path = Pods_uchatTutApp.framework; sourceTree = BUILT_PRODUCTS_DIR; };
		8C6CD887E0A4B16B91EEC93D /* Pods-uchatTutApp.debug.xcconfig */ = {isa = PBXFileReference; includeInIndex = 1; lastKnownFileType = text.xcconfig; name = "Pods-uchatTutApp.debug.xcconfig"; path = "Target Support Files/Pods-uchatTutApp/Pods-uchatTutApp.debug.xcconfig"; sourceTree = "<group>"; };
/* End PBXFileReference section */

/* Begin PBXFrameworksBuildPhase section */
		3A9406A42373826A005FD891 /* Frameworks */ = {
			isa = PBXFrameworksBuildPhase;
			buildActionMask = 2147483647;
			files = (
				26178BA72660AD0F7E243A70 /* Pods_uchatTutApp.framework in Frameworks */,
			);
			runOnlyForDeploymentPostprocessing = 0;
		};
/* End PBXFrameworksBuildPhase section */

/* Begin PBXGroup section */
		3A94069E2373826A005FD891 = {
			isa = PBXGroup;
			children = (
				3A9406A92373826A005FD891 /* uchatTutApp */,
				3A9406A82373826A005FD891 /* Products */,
				F252D656A54D6F2B325EE006 /* Pods */,
				7BA08DB894D4E56DF6DBDDF6 /* Frameworks */,
			);
			sourceTree = "<group>";
		};
		3A9406A82373826A005FD891 /* Products */ = {
			isa = PBXGroup;
			children = (
				3A9406A72373826A005FD891 /* uchatTutApp.app */,
			);
			name = Products;
			sourceTree = "<group>";
		};
		3A9406A92373826A005FD891 /* uchatTutApp */ = {
			isa = PBXGroup;
			children = (
				3A9406AA2373826A005FD891 /* AppDelegate.swift */,
				3A9406AC2373826A005FD891 /* SceneDelegate.swift */,
				3A9406AE2373826A005FD891 /* ViewController.swift */,
				3A9406B02373826A005FD891 /* Main.storyboard */,
				3A9406B323738270005FD891 /* Assets.xcassets */,
				3A9406B523738270005FD891 /* LaunchScreen.storyboard */,
				3A9406BE2373847E005FD891 /* GoogleService-Info.plist */,
				3A9406B823738270005FD891 /* Info.plist */,
			);
			path = uchatTutApp;
			sourceTree = "<group>";
		};
		7BA08DB894D4E56DF6DBDDF6 /* Frameworks */ = {
			isa = PBXGroup;
			children = (
				6A567D32A0CD087FC89C5880 /* Pods_uchatTutApp.framework */,
			);
			name = Frameworks;
			sourceTree = "<group>";
		};
		F252D656A54D6F2B325EE006 /* Pods */ = {
			isa = PBXGroup;
			children = (
				8C6CD887E0A4B16B91EEC93D /* Pods-uchatTutApp.debug.xcconfig */,
				2BEACF8779A5A00CF41780DA /* Pods-uchatTutApp.release.xcconfig */,
			);
			name = Pods;
			path = Pods;
			sourceTree = "<group>";
		};
/* End PBXGroup section */

/* Begin PBXNativeTarget section */
		3A9406A62373826A005FD891 /* uchatTutApp */ = {
			isa = PBXNativeTarget;
			buildConfigurationList = 3A9406BB23738270005FD891 /* Build configuration list for PBXNativeTarget "uchatTutApp" */;
			buildPhases = (
				9A4EA437F6501A8937324732 /* [CP] Check Pods Manifest.lock */,
				3A9406A32373826A005FD891 /* Sources */,
				3A9406A42373826A005FD891 /* Frameworks */,
				3A9406A52373826A005FD891 /* Resources */,
				F5F72F2D235714E980C2C398 /* [CP] Embed Pods Frameworks */,
			);
			buildRules = (
			);
			dependencies = (
			);
			name = uchatTutApp;
			productName = uchatTutApp;
			productReference = 3A9406A72373826A005FD891 /* uchatTutApp.app */;
			productType = "com.apple.product-type.application";
		};
/* End PBXNativeTarget section */

/* Begin PBXProject section */
		3A94069F2373826A005FD891 /* Project object */ = {
			isa = PBXProject;
			attributes = {
				LastSwiftUpdateCheck = 1110;
				LastUpgradeCheck = 1110;
				ORGANIZATIONNAME = "Vadim  Gorbachev";
				TargetAttributes = {
					3A9406A62373826A005FD891 = {
						CreatedOnToolsVersion = 11.1;
					};
				};
			};
			buildConfigurationList = 3A9406A22373826A005FD891 /* Build configuration list for PBXProject "uchatTutApp" */;
			compatibilityVersion = "Xcode 9.3";
			developmentRegion = en;
			hasScannedForEncodings = 0;
			knownRegions = (
				en,
				Base,
			);
			mainGroup = 3A94069E2373826A005FD891;
			productRefGroup = 3A9406A82373826A005FD891 /* Products */;
			projectDirPath = "";
			projectRoot = "";
			targets = (
				3A9406A62373826A005FD891 /* uchatTutApp */,
			);
		};
/* End PBXProject section */

/* Begin PBXResourcesBuildPhase section */
		3A9406A52373826A005FD891 /* Resources */ = {
			isa = PBXResourcesBuildPhase;
			buildActionMask = 2147483647;
			files = (
				3A9406B723738270005FD891 /* LaunchScreen.storyboard in Resources */,
				3A9406BF2373847F005FD891 /* GoogleService-Info.plist in Resources */,
				3A9406B423738270005FD891 /* Assets.xcassets in Resources */,
				3A9406B22373826A005FD891 /* Main.storyboard in Resources */,
			);
			runOnlyForDeploymentPostprocessing = 0;
		};
/* End PBXResourcesBuildPhase section */

/* Begin PBXShellScriptBuildPhase section */
		9A4EA437F6501A8937324732 /* [CP] Check Pods Manifest.lock */ = {
			isa = PBXShellScriptBuildPhase;
			buildActionMask = 2147483647;
			files = (
			);
			inputFileListPaths = (
			);
			inputPaths = (
				"${PODS_PODFILE_DIR_PATH}/Podfile.lock",
				"${PODS_ROOT}/Manifest.lock",
			);
			name = "[CP] Check Pods Manifest.lock";
			outputFileListPaths = (
			);
			outputPaths = (
				"$(DERIVED_FILE_DIR)/Pods-uchatTutApp-checkManifestLockResult.txt",
			);
			runOnlyForDeploymentPostprocessing = 0;
			shellPath = /bin/sh;
			shellScript = "diff \"${PODS_PODFILE_DIR_PATH}/Podfile.lock\" \"${PODS_ROOT}/Manifest.lock\" > /dev/null\nif [ $? != 0 ] ; then\n    # print error to STDERR\n    echo \"error: The sandbox is not in sync with the Podfile.lock. Run 'pod install' or update your CocoaPods installation.\" >&2\n    exit 1\nfi\n# This output is used by Xcode 'outputs' to avoid re-running this script phase.\necho \"SUCCESS\" > \"${SCRIPT_OUTPUT_FILE_0}\"\n";
			showEnvVarsInLog = 0;
		};
		F5F72F2D235714E980C2C398 /* [CP] Embed Pods Frameworks */ = {
			isa = PBXShellScriptBuildPhase;
			buildActionMask = 2147483647;
			files = (
			);
			inputFileListPaths = (
				"${PODS_ROOT}/Target Support Files/Pods-uchatTutApp/Pods-uchatTutApp-frameworks-${CONFIGURATION}-input-files.xcfilelist",
			);
			name = "[CP] Embed Pods Frameworks";
			outputFileListPaths = (
				"${PODS_ROOT}/Target Support Files/Pods-uchatTutApp/Pods-uchatTutApp-frameworks-${CONFIGURATION}-output-files.xcfilelist",
			);
			runOnlyForDeploymentPostprocessing = 0;
			shellPath = /bin/sh;
			shellScript = "\"${PODS_ROOT}/Target Support Files/Pods-uchatTutApp/Pods-uchatTutApp-frameworks.sh\"\n";
			showEnvVarsInLog = 0;
		};
/* End PBXShellScriptBuildPhase section */

/* Begin PBXSourcesBuildPhase section */
		3A9406A32373826A005FD891 /* Sources */ = {
			isa = PBXSourcesBuildPhase;
			buildActionMask = 2147483647;
			files = (
				3A9406AF2373826A005FD891 /* ViewController.swift in Sources */,
				3A9406AB2373826A005FD891 /* AppDelegate.swift in Sources */,
				3A9406AD2373826A005FD891 /* SceneDelegate.swift in Sources */,
			);
			runOnlyForDeploymentPostprocessing = 0;
		};
/* End PBXSourcesBuildPhase section */

/* Begin PBXVariantGroup section */
		3A9406B02373826A005FD891 /* Main.storyboard */ = {
			isa = PBXVariantGroup;
			children = (
				3A9406B12373826A005FD891 /* Base */,
			);
			name = Main.storyboard;
			sourceTree = "<group>";
		};
		3A9406B523738270005FD891 /* LaunchScreen.storyboard */ = {
			isa = PBXVariantGroup;
			children = (
				3A9406B623738270005FD891 /* Base */,
			);
			name = LaunchScreen.storyboard;
			sourceTree = "<group>";
		};
/* End PBXVariantGroup section */

/* Begin XCBuildConfiguration section */
		3A9406B923738270005FD891 /* Debug */ = {
			isa = XCBuildConfiguration;
			buildSettings = {
				ALWAYS_SEARCH_USER_PATHS = NO;
				CLANG_ANALYZER_NONNULL = YES;
				CLANG_ANALYZER_NUMBER_OBJECT_CONVERSION = YES_AGGRESSIVE;
				CLANG_CXX_LANGUAGE_STANDARD = "gnu++14";
				CLANG_CXX_LIBRARY = "libc++";
				CLANG_ENABLE_MODULES = YES;
				CLANG_ENABLE_OBJC_ARC = YES;
				CLANG_ENABLE_OBJC_WEAK = YES;
				CLANG_WARN_BLOCK_CAPTURE_AUTORELEASING = YES;
				CLANG_WARN_BOOL_CONVERSION = YES;
				CLANG_WARN_COMMA = YES;
				CLANG_WARN_CONSTANT_CONVERSION = YES;
				CLANG_WARN_DEPRECATED_OBJC_IMPLEMENTATIONS = YES;
				CLANG_WARN_DIRECT_OBJC_ISA_USAGE = YES_ERROR;
				CLANG_WARN_DOCUMENTATION_COMMENTS = YES;
				CLANG_WARN_EMPTY_BODY = YES;
				CLANG_WARN_ENUM_CONVERSION = YES;
				CLANG_WARN_INFINITE_RECURSION = YES;
				CLANG_WARN_INT_CONVERSION = YES;
				CLANG_WARN_NON_LITERAL_NULL_CONVERSION = YES;
				CLANG_WARN_OBJC_IMPLICIT_RETAIN_SELF = YES;
				CLANG_WARN_OBJC_LITERAL_CONVERSION = YES;
				CLANG_WARN_OBJC_ROOT_CLASS = YES_ERROR;
				CLANG_WARN_RANGE_LOOP_ANALYSIS = YES;
				CLANG_WARN_STRICT_PROTOTYPES = YES;
				CLANG_WARN_SUSPICIOUS_MOVE = YES;
				CLANG_WARN_UNGUARDED_AVAILABILITY = YES_AGGRESSIVE;
				CLANG_WARN_UNREACHABLE_CODE = YES;
				CLANG_WARN__DUPLICATE_METHOD_MATCH = YES;
				COPY_PHASE_STRIP = NO;
				DEBUG_INFORMATION_FORMAT = dwarf;
				ENABLE_STRICT_OBJC_MSGSEND = YES;
				ENABLE_TESTABILITY = YES;
				GCC_C_LANGUAGE_STANDARD = gnu11;
				GCC_DYNAMIC_NO_PIC = NO;
				GCC_NO_COMMON_BLOCKS = YES;
				GCC_OPTIMIZATION_LEVEL = 0;
				GCC_PREPROCESSOR_DEFINITIONS = (
					"DEBUG=1",
					"$(inherited)",
				);
				GCC_WARN_64_TO_32_BIT_CONVERSION = YES;
				GCC_WARN_ABOUT_RETURN_TYPE = YES_ERROR;
				GCC_WARN_UNDECLARED_SELECTOR = YES;
				GCC_WARN_UNINITIALIZED_AUTOS = YES_AGGRESSIVE;
				GCC_WARN_UNUSED_FUNCTION = YES;
				GCC_WARN_UNUSED_VARIABLE = YES;
				IPHONEOS_DEPLOYMENT_TARGET = 13.1;
				MTL_ENABLE_DEBUG_INFO = INCLUDE_SOURCE;
				MTL_FAST_MATH = YES;
				ONLY_ACTIVE_ARCH = YES;
				SDKROOT = iphoneos;
				SWIFT_ACTIVE_COMPILATION_CONDITIONS = DEBUG;
				SWIFT_OPTIMIZATION_LEVEL = "-Onone";
			};
			name = Debug;
		};
		3A9406BA23738270005FD891 /* Release */ = {
			isa = XCBuildConfiguration;
			buildSettings = {
				ALWAYS_SEARCH_USER_PATHS = NO;
				CLANG_ANALYZER_NONNULL = YES;
				CLANG_ANALYZER_NUMBER_OBJECT_CONVERSION = YES_AGGRESSIVE;
				CLANG_CXX_LANGUAGE_STANDARD = "gnu++14";
				CLANG_CXX_LIBRARY = "libc++";
				CLANG_ENABLE_MODULES = YES;
				CLANG_ENABLE_OBJC_ARC = YES;
				CLANG_ENABLE_OBJC_WEAK = YES;
				CLANG_WARN_BLOCK_CAPTURE_AUTORELEASING = YES;
				CLANG_WARN_BOOL_CONVERSION = YES;
				CLANG_WARN_COMMA = YES;
				CLANG_WARN_CONSTANT_CONVERSION = YES;
				CLANG_WARN_DEPRECATED_OBJC_IMPLEMENTATIONS = YES;
				CLANG_WARN_DIRECT_OBJC_ISA_USAGE = YES_ERROR;
				CLANG_WARN_DOCUMENTATION_COMMENTS = YES;
				CLANG_WARN_EMPTY_BODY = YES;
				CLANG_WARN_ENUM_CONVERSION = YES;
				CLANG_WARN_INFINITE_RECURSION = YES;
				CLANG_WARN_INT_CONVERSION = YES;
				CLANG_WARN_NON_LITERAL_NULL_CONVERSION = YES;
				CLANG_WARN_OBJC_IMPLICIT_RETAIN_SELF = YES;
				CLANG_WARN_OBJC_LITERAL_CONVERSION = YES;
				CLANG_WARN_OBJC_ROOT_CLASS = YES_ERROR;
				CLANG_WARN_RANGE_LOOP_ANALYSIS = YES;
				CLANG_WARN_STRICT_PROTOTYPES = YES;
				CLANG_WARN_SUSPICIOUS_MOVE = YES;
				CLANG_WARN_UNGUARDED_AVAILABILITY = YES_AGGRESSIVE;
				CLANG_WARN_UNREACHABLE_CODE = YES;
				CLANG_WARN__DUPLICATE_METHOD_MATCH = YES;
				COPY_PHASE_STRIP = NO;
				DEBUG_INFORMATION_FORMAT = "dwarf-with-dsym";
				ENABLE_NS_ASSERTIONS = NO;
				ENABLE_STRICT_OBJC_MSGSEND = YES;
				GCC_C_LANGUAGE_STANDARD = gnu11;
				GCC_NO_COMMON_BLOCKS = YES;
				GCC_WARN_64_TO_32_BIT_CONVERSION = YES;
				GCC_WARN_ABOUT_RETURN_TYPE = YES_ERROR;
				GCC_WARN_UNDECLARED_SELECTOR = YES;
				GCC_WARN_UNINITIALIZED_AUTOS = YES_AGGRESSIVE;
				GCC_WARN_UNUSED_FUNCTION = YES;
				GCC_WARN_UNUSED_VARIABLE = YES;
				IPHONEOS_DEPLOYMENT_TARGET = 13.1;
				MTL_ENABLE_DEBUG_INFO = NO;
				MTL_FAST_MATH = YES;
				SDKROOT = iphoneos;
				SWIFT_COMPILATION_MODE = wholemodule;
				SWIFT_OPTIMIZATION_LEVEL = "-O";
				VALIDATE_PRODUCT = YES;
			};
			name = Release;
		};
		3A9406BC23738270005FD891 /* Debug */ = {
			isa = XCBuildConfiguration;
			baseConfigurationReference = 8C6CD887E0A4B16B91EEC93D /* Pods-uchatTutApp.debug.xcconfig */;
			buildSettings = {
				ASSETCATALOG_COMPILER_APPICON_NAME = AppIcon;
				CODE_SIGN_STYLE = Automatic;
				DEVELOPMENT_TEAM = 24DXGFVSRJ;
				INFOPLIST_FILE = uchatTutApp/Info.plist;
				LD_RUNPATH_SEARCH_PATHS = (
					"$(inherited)",
					"@executable_path/Frameworks",
				);
				PRODUCT_BUNDLE_IDENTIFIER = "uchat-tut-app.uchatTutApp";
				PRODUCT_NAME = "$(TARGET_NAME)";
				SWIFT_VERSION = 5.0;
				TARGETED_DEVICE_FAMILY = "1,2";
			};
			name = Debug;
		};
		3A9406BD23738270005FD891 /* Release */ = {
			isa = XCBuildConfiguration;
			baseConfigurationReference = 2BEACF8779A5A00CF41780DA /* Pods-uchatTutApp.release.xcconfig */;
			buildSettings = {
				ASSETCATALOG_COMPILER_APPICON_NAME = AppIcon;
				CODE_SIGN_STYLE = Automatic;
				DEVELOPMENT_TEAM = 24DXGFVSRJ;
				INFOPLIST_FILE = uchatTutApp/Info.plist;
				LD_RUNPATH_SEARCH_PATHS = (
					"$(inherited)",
					"@executable_path/Frameworks",
				);
				PRODUCT_BUNDLE_IDENTIFIER = "uchat-tut-app.uchatTutApp";
				PRODUCT_NAME = "$(TARGET_NAME)";
				SWIFT_VERSION = 5.0;
				TARGETED_DEVICE_FAMILY = "1,2";
			};
			name = Release;
		};
/* End XCBuildConfiguration section */

/* Begin XCConfigurationList section */
		3A9406A22373826A005FD891 /* Build configuration list for PBXProject "uchatTutApp" */ = {
			isa = XCConfigurationList;
			buildConfigurations = (
				3A9406B923738270005FD891 /* Debug */,
				3A9406BA23738270005FD891 /* Release */,
			);
			defaultConfigurationIsVisible = 0;
			defaultConfigurationName = Release;
		};
		3A9406BB23738270005FD891 /* Build configuration list for PBXNativeTarget "uchatTutApp" */ = {
			isa = XCConfigurationList;
			buildConfigurations = (
				3A9406BC23738270005FD891 /* Debug */,
				3A9406BD23738270005FD891 /* Release */,
			);
			defaultConfigurationIsVisible = 0;
			defaultConfigurationName = Release;
		};
/* End XCConfigurationList section */
	};
	rootObject = 3A94069F2373826A005FD891 /* Project object */;
}
